// !$*UTF8*$!
{
	archiveVersion = 1;
	classes = {
	};
	objectVersion = 46;
	objects = {

/* Begin PBXBuildFile section */
		884B384E1A82B12C00347AD9 /* main.m in Sources */ = {isa = PBXBuildFile; fileRef = 884B384D1A82B12C00347AD9 /* main.m */; };
		884B38511A82B12C00347AD9 /* AppDelegate.m in Sources */ = {isa = PBXBuildFile; fileRef = 884B38501A82B12C00347AD9 /* AppDelegate.m */; };
		884B38541A82B12C00347AD9 /* SearchMovieViewController.m in Sources */ = {isa = PBXBuildFile; fileRef = 884B38531A82B12C00347AD9 /* SearchMovieViewController.m */; };
		884B38571A82B12C00347AD9 /* Main.storyboard in Resources */ = {isa = PBXBuildFile; fileRef = 884B38551A82B12C00347AD9 /* Main.storyboard */; };
		884B38591A82B12C00347AD9 /* Images.xcassets in Resources */ = {isa = PBXBuildFile; fileRef = 884B38581A82B12C00347AD9 /* Images.xcassets */; };
		884B385C1A82B12C00347AD9 /* LaunchScreen.xib in Resources */ = {isa = PBXBuildFile; fileRef = 884B385A1A82B12C00347AD9 /* LaunchScreen.xib */; };
		884B38681A82B12C00347AD9 /* MovieFinderTests.m in Sources */ = {isa = PBXBuildFile; fileRef = 884B38671A82B12C00347AD9 /* MovieFinderTests.m */; };
		884B38731A82B8B300347AD9 /* MovieResultsTableViewController.m in Sources */ = {isa = PBXBuildFile; fileRef = 884B38721A82B8B300347AD9 /* MovieResultsTableViewController.m */; };
		884B38761A82E18B00347AD9 /* Movie.m in Sources */ = {isa = PBXBuildFile; fileRef = 884B38751A82E18B00347AD9 /* Movie.m */; };
		884B387B1A83F3B800347AD9 /* MovieDetailViewController.m in Sources */ = {isa = PBXBuildFile; fileRef = 884B387A1A83F3B800347AD9 /* MovieDetailViewController.m */; };
		884B387E1A84006100347AD9 /* OMDbAPI.m in Sources */ = {isa = PBXBuildFile; fileRef = 884B387D1A84006100347AD9 /* OMDbAPI.m */; };
		884B38811A8408C700347AD9 /* MovieTableViewCell.m in Sources */ = {isa = PBXBuildFile; fileRef = 884B38801A8408C700347AD9 /* MovieTableViewCell.m */; };
		884B38871A845B7700347AD9 /* MapKit.framework in Frameworks */ = {isa = PBXBuildFile; fileRef = 884B38831A84574700347AD9 /* MapKit.framework */; };
		884B38881A845B7F00347AD9 /* CoreLocation.framework in Frameworks */ = {isa = PBXBuildFile; fileRef = 884B38851A84574F00347AD9 /* CoreLocation.framework */; };
/* End PBXBuildFile section */

/* Begin PBXContainerItemProxy section */
		884B38621A82B12C00347AD9 /* PBXContainerItemProxy */ = {
			isa = PBXContainerItemProxy;
			containerPortal = 884B38401A82B12C00347AD9 /* Project object */;
			proxyType = 1;
			remoteGlobalIDString = 884B38471A82B12C00347AD9;
			remoteInfo = MovieFinder;
		};
/* End PBXContainerItemProxy section */

/* Begin PBXFileReference section */
		884B38481A82B12C00347AD9 /* MovieFinder.app */ = {isa = PBXFileReference; explicitFileType = wrapper.application; includeInIndex = 0; path = MovieFinder.app; sourceTree = BUILT_PRODUCTS_DIR; };
		884B384C1A82B12C00347AD9 /* Info.plist */ = {isa = PBXFileReference; lastKnownFileType = text.plist.xml; path = Info.plist; sourceTree = "<group>"; };
		884B384D1A82B12C00347AD9 /* main.m */ = {isa = PBXFileReference; lastKnownFileType = sourcecode.c.objc; path = main.m; sourceTree = "<group>"; };
		884B384F1A82B12C00347AD9 /* AppDelegate.h */ = {isa = PBXFileReference; lastKnownFileType = sourcecode.c.h; path = AppDelegate.h; sourceTree = "<group>"; };
		884B38501A82B12C00347AD9 /* AppDelegate.m */ = {isa = PBXFileReference; lastKnownFileType = sourcecode.c.objc; path = AppDelegate.m; sourceTree = "<group>"; };
		884B38521A82B12C00347AD9 /* SearchMovieViewController.h */ = {isa = PBXFileReference; lastKnownFileType = sourcecode.c.h; path = SearchMovieViewController.h; sourceTree = "<group>"; };
		884B38531A82B12C00347AD9 /* SearchMovieViewController.m */ = {isa = PBXFileReference; lastKnownFileType = sourcecode.c.objc; path = SearchMovieViewController.m; sourceTree = "<group>"; };
		884B38561A82B12C00347AD9 /* Base */ = {isa = PBXFileReference; lastKnownFileType = file.storyboard; name = Base; path = Base.lproj/Main.storyboard; sourceTree = "<group>"; };
		884B38581A82B12C00347AD9 /* Images.xcassets */ = {isa = PBXFileReference; lastKnownFileType = folder.assetcatalog; path = Images.xcassets; sourceTree = "<group>"; };
		884B385B1A82B12C00347AD9 /* Base */ = {isa = PBXFileReference; lastKnownFileType = file.xib; name = Base; path = Base.lproj/LaunchScreen.xib; sourceTree = "<group>"; };
		884B38611A82B12C00347AD9 /* MovieFinderTests.xctest */ = {isa = PBXFileReference; explicitFileType = wrapper.cfbundle; includeInIndex = 0; path = MovieFinderTests.xctest; sourceTree = BUILT_PRODUCTS_DIR; };
		884B38661A82B12C00347AD9 /* Info.plist */ = {isa = PBXFileReference; lastKnownFileType = text.plist.xml; path = Info.plist; sourceTree = "<group>"; };
		884B38671A82B12C00347AD9 /* MovieFinderTests.m */ = {isa = PBXFileReference; lastKnownFileType = sourcecode.c.objc; path = MovieFinderTests.m; sourceTree = "<group>"; };
		884B38711A82B8B300347AD9 /* MovieResultsTableViewController.h */ = {isa = PBXFileReference; fileEncoding = 4; lastKnownFileType = sourcecode.c.h; path = MovieResultsTableViewController.h; sourceTree = "<group>"; };
		884B38721A82B8B300347AD9 /* MovieResultsTableViewController.m */ = {isa = PBXFileReference; fileEncoding = 4; lastKnownFileType = sourcecode.c.objc; path = MovieResultsTableViewController.m; sourceTree = "<group>"; };
		884B38741A82E18B00347AD9 /* Movie.h */ = {isa = PBXFileReference; fileEncoding = 4; lastKnownFileType = sourcecode.c.h; path = Movie.h; sourceTree = "<group>"; };
		884B38751A82E18B00347AD9 /* Movie.m */ = {isa = PBXFileReference; fileEncoding = 4; lastKnownFileType = sourcecode.c.objc; path = Movie.m; sourceTree = "<group>"; };
		884B38791A83F3B800347AD9 /* MovieDetailViewController.h */ = {isa = PBXFileReference; fileEncoding = 4; lastKnownFileType = sourcecode.c.h; path = MovieDetailViewController.h; sourceTree = "<group>"; };
		884B387A1A83F3B800347AD9 /* MovieDetailViewController.m */ = {isa = PBXFileReference; fileEncoding = 4; lastKnownFileType = sourcecode.c.objc; path = MovieDetailViewController.m; sourceTree = "<group>"; };
		884B387C1A84006100347AD9 /* OMDbAPI.h */ = {isa = PBXFileReference; fileEncoding = 4; lastKnownFileType = sourcecode.c.h; path = OMDbAPI.h; sourceTree = "<group>"; };
		884B387D1A84006100347AD9 /* OMDbAPI.m */ = {isa = PBXFileReference; fileEncoding = 4; lastKnownFileType = sourcecode.c.objc; path = OMDbAPI.m; sourceTree = "<group>"; };
		884B387F1A8408C700347AD9 /* MovieTableViewCell.h */ = {isa = PBXFileReference; fileEncoding = 4; lastKnownFileType = sourcecode.c.h; path = MovieTableViewCell.h; sourceTree = "<group>"; };
		884B38801A8408C700347AD9 /* MovieTableViewCell.m */ = {isa = PBXFileReference; fileEncoding = 4; lastKnownFileType = sourcecode.c.objc; path = MovieTableViewCell.m; sourceTree = "<group>"; };
		884B38831A84574700347AD9 /* MapKit.framework */ = {isa = PBXFileReference; lastKnownFileType = wrapper.framework; name = MapKit.framework; path = System/Library/Frameworks/MapKit.framework; sourceTree = SDKROOT; };
		884B38851A84574F00347AD9 /* CoreLocation.framework */ = {isa = PBXFileReference; lastKnownFileType = wrapper.framework; name = CoreLocation.framework; path = System/Library/Frameworks/CoreLocation.framework; sourceTree = SDKROOT; };
/* End PBXFileReference section */

/* Begin PBXFrameworksBuildPhase section */
		884B38451A82B12C00347AD9 /* Frameworks */ = {
			isa = PBXFrameworksBuildPhase;
			buildActionMask = 2147483647;
			files = (
				884B38881A845B7F00347AD9 /* CoreLocation.framework in Frameworks */,
				884B38871A845B7700347AD9 /* MapKit.framework in Frameworks */,
			);
			runOnlyForDeploymentPostprocessing = 0;
		};
		884B385E1A82B12C00347AD9 /* Frameworks */ = {
			isa = PBXFrameworksBuildPhase;
			buildActionMask = 2147483647;
			files = (
			);
			runOnlyForDeploymentPostprocessing = 0;
		};
/* End PBXFrameworksBuildPhase section */

/* Begin PBXGroup section */
		884B383F1A82B12C00347AD9 = {
			isa = PBXGroup;
			children = (
				884B384A1A82B12C00347AD9 /* MovieFinder */,
				884B38641A82B12C00347AD9 /* MovieFinderTests */,
				884B38491A82B12C00347AD9 /* Products */,
				884B38891A845BA900347AD9 /* Frameworks */,
			);
			sourceTree = "<group>";
		};
		884B38491A82B12C00347AD9 /* Products */ = {
			isa = PBXGroup;
			children = (
				884B38481A82B12C00347AD9 /* MovieFinder.app */,
				884B38611A82B12C00347AD9 /* MovieFinderTests.xctest */,
			);
			name = Products;
			sourceTree = "<group>";
		};
		884B384A1A82B12C00347AD9 /* MovieFinder */ = {
			isa = PBXGroup;
			children = (
				884B387C1A84006100347AD9 /* OMDbAPI.h */,
				884B387D1A84006100347AD9 /* OMDbAPI.m */,
				884B38771A82E19100347AD9 /* Model */,
				884B38821A8408D300347AD9 /* View */,
				884B38781A82E1AD00347AD9 /* Controllers */,
				884B38551A82B12C00347AD9 /* Main.storyboard */,
				884B38581A82B12C00347AD9 /* Images.xcassets */,
				884B385A1A82B12C00347AD9 /* LaunchScreen.xib */,
				884B384B1A82B12C00347AD9 /* Supporting Files */,
			);
			path = MovieFinder;
			sourceTree = "<group>";
		};
		884B384B1A82B12C00347AD9 /* Supporting Files */ = {
			isa = PBXGroup;
			children = (
				884B384F1A82B12C00347AD9 /* AppDelegate.h */,
				884B38501A82B12C00347AD9 /* AppDelegate.m */,
				884B384C1A82B12C00347AD9 /* Info.plist */,
				884B384D1A82B12C00347AD9 /* main.m */,
			);
			name = "Supporting Files";
			sourceTree = "<group>";
		};
		884B38641A82B12C00347AD9 /* MovieFinderTests */ = {
			isa = PBXGroup;
			children = (
				884B38671A82B12C00347AD9 /* MovieFinderTests.m */,
				884B38651A82B12C00347AD9 /* Supporting Files */,
			);
			path = MovieFinderTests;
			sourceTree = "<group>";
		};
		884B38651A82B12C00347AD9 /* Supporting Files */ = {
			isa = PBXGroup;
			children = (
				884B38661A82B12C00347AD9 /* Info.plist */,
			);
			name = "Supporting Files";
			sourceTree = "<group>";
		};
		884B38771A82E19100347AD9 /* Model */ = {
			isa = PBXGroup;
			children = (
				884B38741A82E18B00347AD9 /* Movie.h */,
				884B38751A82E18B00347AD9 /* Movie.m */,
			);
			name = Model;
			sourceTree = "<group>";
		};
		884B38781A82E1AD00347AD9 /* Controllers */ = {
			isa = PBXGroup;
			children = (
				884B38521A82B12C00347AD9 /* SearchMovieViewController.h */,
				884B38531A82B12C00347AD9 /* SearchMovieViewController.m */,
				884B38711A82B8B300347AD9 /* MovieResultsTableViewController.h */,
				884B38721A82B8B300347AD9 /* MovieResultsTableViewController.m */,
				884B38791A83F3B800347AD9 /* MovieDetailViewController.h */,
				884B387A1A83F3B800347AD9 /* MovieDetailViewController.m */,
			);
			name = Controllers;
			sourceTree = "<group>";
		};
		884B38821A8408D300347AD9 /* View */ = {
			isa = PBXGroup;
			children = (
				884B387F1A8408C700347AD9 /* MovieTableViewCell.h */,
				884B38801A8408C700347AD9 /* MovieTableViewCell.m */,
			);
			name = View;
			sourceTree = "<group>";
		};
		884B38891A845BA900347AD9 /* Frameworks */ = {
			isa = PBXGroup;
			children = (
				884B38851A84574F00347AD9 /* CoreLocation.framework */,
				884B38831A84574700347AD9 /* MapKit.framework */,
			);
			name = Frameworks;
			sourceTree = "<group>";
		};
/* End PBXGroup section */

/* Begin PBXNativeTarget section */
		884B38471A82B12C00347AD9 /* MovieFinder */ = {
			isa = PBXNativeTarget;
			buildConfigurationList = 884B386B1A82B12C00347AD9 /* Build configuration list for PBXNativeTarget "MovieFinder" */;
			buildPhases = (
				884B38441A82B12C00347AD9 /* Sources */,
				884B38451A82B12C00347AD9 /* Frameworks */,
				884B38461A82B12C00347AD9 /* Resources */,
			);
			buildRules = (
			);
			dependencies = (
			);
			name = MovieFinder;
			productName = MovieFinder;
			productReference = 884B38481A82B12C00347AD9 /* MovieFinder.app */;
			productType = "com.apple.product-type.application";
		};
		884B38601A82B12C00347AD9 /* MovieFinderTests */ = {
			isa = PBXNativeTarget;
			buildConfigurationList = 884B386E1A82B12C00347AD9 /* Build configuration list for PBXNativeTarget "MovieFinderTests" */;
			buildPhases = (
				884B385D1A82B12C00347AD9 /* Sources */,
				884B385E1A82B12C00347AD9 /* Frameworks */,
				884B385F1A82B12C00347AD9 /* Resources */,
			);
			buildRules = (
			);
			dependencies = (
				884B38631A82B12C00347AD9 /* PBXTargetDependency */,
			);
			name = MovieFinderTests;
			productName = MovieFinderTests;
			productReference = 884B38611A82B12C00347AD9 /* MovieFinderTests.xctest */;
			productType = "com.apple.product-type.bundle.unit-test";
		};
/* End PBXNativeTarget section */

/* Begin PBXProject section */
		884B38401A82B12C00347AD9 /* Project object */ = {
			isa = PBXProject;
			attributes = {
				LastUpgradeCheck = 0610;
				ORGANIZATIONNAME = "Renato Camilio";
				TargetAttributes = {
					884B38471A82B12C00347AD9 = {
						CreatedOnToolsVersion = 6.1.1;
					};
					884B38601A82B12C00347AD9 = {
						CreatedOnToolsVersion = 6.1.1;
						TestTargetID = 884B38471A82B12C00347AD9;
					};
				};
			};
			buildConfigurationList = 884B38431A82B12C00347AD9 /* Build configuration list for PBXProject "MovieFinder" */;
			compatibilityVersion = "Xcode 3.2";
			developmentRegion = English;
			hasScannedForEncodings = 0;
			knownRegions = (
				en,
				Base,
			);
			mainGroup = 884B383F1A82B12C00347AD9;
			productRefGroup = 884B38491A82B12C00347AD9 /* Products */;
			projectDirPath = "";
			projectRoot = "";
			targets = (
				884B38471A82B12C00347AD9 /* MovieFinder */,
				884B38601A82B12C00347AD9 /* MovieFinderTests */,
			);
		};
/* End PBXProject section */

/* Begin PBXResourcesBuildPhase section */
		884B38461A82B12C00347AD9 /* Resources */ = {
			isa = PBXResourcesBuildPhase;
			buildActionMask = 2147483647;
			files = (
				884B38571A82B12C00347AD9 /* Main.storyboard in Resources */,
				884B385C1A82B12C00347AD9 /* LaunchScreen.xib in Resources */,
				884B38591A82B12C00347AD9 /* Images.xcassets in Resources */,
			);
			runOnlyForDeploymentPostprocessing = 0;
		};
		884B385F1A82B12C00347AD9 /* Resources */ = {
			isa = PBXResourcesBuildPhase;
			buildActionMask = 2147483647;
			files = (
			);
			runOnlyForDeploymentPostprocessing = 0;
		};
/* End PBXResourcesBuildPhase section */

/* Begin PBXSourcesBuildPhase section */
		884B38441A82B12C00347AD9 /* Sources */ = {
			isa = PBXSourcesBuildPhase;
			buildActionMask = 2147483647;
			files = (
				884B387B1A83F3B800347AD9 /* MovieDetailViewController.m in Sources */,
				884B387E1A84006100347AD9 /* OMDbAPI.m in Sources */,
				884B38811A8408C700347AD9 /* MovieTableViewCell.m in Sources */,
				884B38541A82B12C00347AD9 /* SearchMovieViewController.m in Sources */,
				884B38511A82B12C00347AD9 /* AppDelegate.m in Sources */,
				884B38761A82E18B00347AD9 /* Movie.m in Sources */,
				884B384E1A82B12C00347AD9 /* main.m in Sources */,
				884B38731A82B8B300347AD9 /* MovieResultsTableViewController.m in Sources */,
			);
			runOnlyForDeploymentPostprocessing = 0;
		};
		884B385D1A82B12C00347AD9 /* Sources */ = {
			isa = PBXSourcesBuildPhase;
			buildActionMask = 2147483647;
			files = (
				884B38681A82B12C00347AD9 /* MovieFinderTests.m in Sources */,
			);
			runOnlyForDeploymentPostprocessing = 0;
		};
/* End PBXSourcesBuildPhase section */

/* Begin PBXTargetDependency section */
		884B38631A82B12C00347AD9 /* PBXTargetDependency */ = {
			isa = PBXTargetDependency;
			target = 884B38471A82B12C00347AD9 /* MovieFinder */;
			targetProxy = 884B38621A82B12C00347AD9 /* PBXContainerItemProxy */;
		};
/* End PBXTargetDependency section */

/* Begin PBXVariantGroup section */
		884B38551A82B12C00347AD9 /* Main.storyboard */ = {
			isa = PBXVariantGroup;
			children = (
				884B38561A82B12C00347AD9 /* Base */,
			);
			name = Main.storyboard;
			sourceTree = "<group>";
		};
		884B385A1A82B12C00347AD9 /* LaunchScreen.xib */ = {
			isa = PBXVariantGroup;
			children = (
				884B385B1A82B12C00347AD9 /* Base */,
			);
			name = LaunchScreen.xib;
			sourceTree = "<group>";
		};
/* End PBXVariantGroup section */

/* Begin XCBuildConfiguration section */
		884B38691A82B12C00347AD9 /* Debug */ = {
			isa = XCBuildConfiguration;
			buildSettings = {
				ALWAYS_SEARCH_USER_PATHS = NO;
				CLANG_CXX_LANGUAGE_STANDARD = "gnu++0x";
				CLANG_CXX_LIBRARY = "libc++";
				CLANG_ENABLE_MODULES = YES;
				CLANG_ENABLE_OBJC_ARC = YES;
				CLANG_WARN_BOOL_CONVERSION = YES;
				CLANG_WARN_CONSTANT_CONVERSION = YES;
				CLANG_WARN_DIRECT_OBJC_ISA_USAGE = YES_ERROR;
				CLANG_WARN_EMPTY_BODY = YES;
				CLANG_WARN_ENUM_CONVERSION = YES;
				CLANG_WARN_INT_CONVERSION = YES;
				CLANG_WARN_OBJC_ROOT_CLASS = YES_ERROR;
				CLANG_WARN_UNREACHABLE_CODE = YES;
				CLANG_WARN__DUPLICATE_METHOD_MATCH = YES;
				"CODE_SIGN_IDENTITY[sdk=iphoneos*]" = "iPhone Developer";
				COPY_PHASE_STRIP = NO;
				ENABLE_STRICT_OBJC_MSGSEND = YES;
				GCC_C_LANGUAGE_STANDARD = gnu99;
				GCC_DYNAMIC_NO_PIC = NO;
				GCC_OPTIMIZATION_LEVEL = 0;
				GCC_PREPROCESSOR_DEFINITIONS = (
					"DEBUG=1",
					"$(inherited)",
				);
				GCC_SYMBOLS_PRIVATE_EXTERN = NO;
				GCC_WARN_64_TO_32_BIT_CONVERSION = YES;
				GCC_WARN_ABOUT_RETURN_TYPE = YES_ERROR;
				GCC_WARN_UNDECLARED_SELECTOR = YES;
				GCC_WARN_UNINITIALIZED_AUTOS = YES_AGGRESSIVE;
				GCC_WARN_UNUSED_FUNCTION = YES;
				GCC_WARN_UNUSED_VARIABLE = YES;
				IPHONEOS_DEPLOYMENT_TARGET = 8.1;
				MTL_ENABLE_DEBUG_INFO = YES;
				ONLY_ACTIVE_ARCH = YES;
				SDKROOT = iphoneos;
			};
			name = Debug;
		};
		884B386A1A82B12C00347AD9 /* Release */ = {
			isa = XCBuildConfiguration;
			buildSettings = {
				ALWAYS_SEARCH_USER_PATHS = NO;
				CLANG_CXX_LANGUAGE_STANDARD = "gnu++0x";
				CLANG_CXX_LIBRARY = "libc++";
				CLANG_ENABLE_MODULES = YES;
				CLANG_ENABLE_OBJC_ARC = YES;
				CLANG_WARN_BOOL_CONVERSION = YES;
				CLANG_WARN_CONSTANT_CONVERSION = YES;
				CLANG_WARN_DIRECT_OBJC_ISA_USAGE = YES_ERROR;
				CLANG_WARN_EMPTY_BODY = YES;
				CLANG_WARN_ENUM_CONVERSION = YES;
				CLANG_WARN_INT_CONVERSION = YES;
				CLANG_WARN_OBJC_ROOT_CLASS = YES_ERROR;
				CLANG_WARN_UNREACHABLE_CODE = YES;
				CLANG_WARN__DUPLICATE_METHOD_MATCH = YES;
				"CODE_SIGN_IDENTITY[sdk=iphoneos*]" = "iPhone Developer";
				COPY_PHASE_STRIP = YES;
				ENABLE_NS_ASSERTIONS = NO;
				ENABLE_STRICT_OBJC_MSGSEND = YES;
				GCC_C_LANGUAGE_STANDARD = gnu99;
				GCC_WARN_64_TO_32_BIT_CONVERSION = YES;
				GCC_WARN_ABOUT_RETURN_TYPE = YES_ERROR;
				GCC_WARN_UNDECLARED_SELECTOR = YES;
				GCC_WARN_UNINITIALIZED_AUTOS = YES_AGGRESSIVE;
				GCC_WARN_UNUSED_FUNCTION = YES;
				GCC_WARN_UNUSED_VARIABLE = YES;
				IPHONEOS_DEPLOYMENT_TARGET = 8.1;
				MTL_ENABLE_DEBUG_INFO = NO;
				SDKROOT = iphoneos;
				VALIDATE_PRODUCT = YES;
			};
			name = Release;
		};
		884B386C1A82B12C00347AD9 /* Debug */ = {
			isa = XCBuildConfiguration;
			buildSettings = {
				ASSETCATALOG_COMPILER_APPICON_NAME = AppIcon;
				INFOPLIST_FILE = MovieFinder/Info.plist;
				LD_RUNPATH_SEARCH_PATHS = "$(inherited) @executable_path/Frameworks";
				PRODUCT_NAME = "$(TARGET_NAME)";
			};
			name = Debug;
		};
		884B386D1A82B12C00347AD9 /* Release */ = {
			isa = XCBuildConfiguration;
			buildSettings = {
				ASSETCATALOG_COMPILER_APPICON_NAME = AppIcon;
				INFOPLIST_FILE = MovieFinder/Info.plist;
				LD_RUNPATH_SEARCH_PATHS = "$(inherited) @executable_path/Frameworks";
				PRODUCT_NAME = "$(TARGET_NAME)";
			};
			name = Release;
		};
		884B386F1A82B12C00347AD9 /* Debug */ = {
			isa = XCBuildConfiguration;
			buildSettings = {
				BUNDLE_LOADER = "$(TEST_HOST)";
				FRAMEWORK_SEARCH_PATHS = (
					"$(SDKROOT)/Developer/Library/Frameworks",
					"$(inherited)",
				);
				GCC_PREPROCESSOR_DEFINITIONS = (
					"DEBUG=1",
					"$(inherited)",
				);
				INFOPLIST_FILE = MovieFinderTests/Info.plist;
				LD_RUNPATH_SEARCH_PATHS = "$(inherited) @executable_path/Frameworks @loader_path/Frameworks";
				PRODUCT_NAME = "$(TARGET_NAME)";
				TEST_HOST = "$(BUILT_PRODUCTS_DIR)/MovieFinder.app/MovieFinder";
			};
			name = Debug;
		};
		884B38701A82B12C00347AD9 /* Release */ = {
			isa = XCBuildConfiguration;
			buildSettings = {
				BUNDLE_LOADER = "$(TEST_HOST)";
				FRAMEWORK_SEARCH_PATHS = (
					"$(SDKROOT)/Developer/Library/Frameworks",
					"$(inherited)",
				);
				INFOPLIST_FILE = MovieFinderTests/Info.plist;
				LD_RUNPATH_SEARCH_PATHS = "$(inherited) @executable_path/Frameworks @loader_path/Frameworks";
				PRODUCT_NAME = "$(TARGET_NAME)";
				TEST_HOST = "$(BUILT_PRODUCTS_DIR)/MovieFinder.app/MovieFinder";
			};
			name = Release;
		};
/* End XCBuildConfiguration section */

/* Begin XCConfigurationList section */
		884B38431A82B12C00347AD9 /* Build configuration list for PBXProject "MovieFinder" */ = {
			isa = XCConfigurationList;
			buildConfigurations = (
				884B38691A82B12C00347AD9 /* Debug */,
				884B386A1A82B12C00347AD9 /* Release */,
			);
			defaultConfigurationIsVisible = 0;
			defaultConfigurationName = Release;
		};
		884B386B1A82B12C00347AD9 /* Build configuration list for PBXNativeTarget "MovieFinder" */ = {
			isa = XCConfigurationList;
			buildConfigurations = (
				884B386C1A82B12C00347AD9 /* Debug */,
				884B386D1A82B12C00347AD9 /* Release */,
			);
			defaultConfigurationIsVisible = 0;
			defaultConfigurationName = Release;
		};
		884B386E1A82B12C00347AD9 /* Build configuration list for PBXNativeTarget "MovieFinderTests" */ = {
			isa = XCConfigurationList;
			buildConfigurations = (
				884B386F1A82B12C00347AD9 /* Debug */,
				884B38701A82B12C00347AD9 /* Release */,
			);
			defaultConfigurationIsVisible = 0;
			defaultConfigurationName = Release;
		};
/* End XCConfigurationList section */
	};
	rootObject = 884B38401A82B12C00347AD9 /* Project object */;
}
